# Auto-generated by scripts/tool_versions.sh — exact tool versions for reproducibility.
# (Do not edit by hand; rerun the script after changing any tool.)

host_python: Python 3.11.15
uv: uv 0.11.19 (x86_64-unknown-linux-gnu)
docker: Docker version 29.5.3, build d1c06ef
git: git version 2.34.1

scorecard_image: gcr.io/openssf/scorecard:stable
scorecard_version:  __ ____ ____ ___ ____ _____ ____ _ ____ ____ / / / ___| / ___| / _ \ | _ \ | ____| / ___| / \ | _ \ | _ \ / / \___ \ | | | | | | | |_) | | _| | | / _ \ | |_) | | | | | _ / / ___) | | |___ | |_| | | _ < | |___ | |___ / ___ \ | _ < | |_| | (_) /_/ |____/ \____| \___/ |_| \_\ |_____| \____| /_/ \_\ |_| \_\ |____/ ./scorecard: OpenSSF Scorecard GitVersion: v5.1.1-45-g40bbc9c9 GitCommit: 40bbc9c958aa66327fb026b2136f1951298ca0f8 GitTreeState: clean BuildDate: 1745873162 GoVersion: go1.24.2 Compiler: gc Platform: linux/amd64 
scorecard_digest: gcr.io/openssf/scorecard@sha256:54c7ea4ddec6e3941887cb7933898c352f59e7f59e17a7a730f97ed348a8dfce

syft_image: anchore/syft:latest
syft_version: Version: 1.45.1
syft_digest: anchore/syft@sha256:c6d5719f48f5a5986acf2847eb1ed7c53176e712d5721fcd156184cfb262f6eb
